
Microsoft Visual Studio Solution File, Format Version 12.00
# Visual Studio Version 17
VisualStudioVersion = 17.2.32519.379
MinimumVisualStudioVersion = 10.0.40219.1
Project("{FAE04EC0-301F-11D3-BF4B-00C04F79EFBC}") = "OOPBankSim", "OOPBankSim\OOPBankSim.csproj", "{D8671FF9-E60E-4018-8BA4-52F2EA05960A}"
EndProject
Global
	GlobalSection(SolutionConfigurationPlatforms) = preSolution
		Debug|Any CPU = Debug|Any CPU
		Release|Any CPU = Release|Any CPU
	EndGlobalSection
	GlobalSection(ProjectConfigurationPlatforms) = postSolution
		{D8671FF9-E60E-4018-8BA4-52F2EA05960A}.Debug|Any CPU.ActiveCfg = Debug|Any CPU
		{D8671FF9-E60E-4018-8BA4-52F2EA05960A}.Debug|Any CPU.Build.0 = Debug|Any CPU
		{D8671FF9-E60E-4018-8BA4-52F2EA05960A}.Release|Any CPU.ActiveCfg = Release|Any CPU
		{D8671FF9-E60E-4018-8BA4-52F2EA05960A}.Release|Any CPU.Build.0 = Release|Any CPU
	EndGlobalSection
	GlobalSection(SolutionProperties) = preSolution
		HideSolutionNode = FALSE
	EndGlobalSection
	GlobalSection(ExtensibilityGlobals) = postSolution
		SolutionGuid = {F128D859-86E0-40D7-8577-2FE159B2A532}
	EndGlobalSection
EndGlobal
